
Microsoft Visual Studio Solution File, Format Version 12.00
# Visual Studio 15
VisualStudioVersion = 15.0.27130.2026
MinimumVisualStudioVersion = 10.0.40219.1
Project("{FAE04EC0-301F-11D3-BF4B-00C04F79EFBC}") = "DutchTreat", "DutchTreat\DutchTreat.csproj", "{994A6A30-31DE-491C-AC86-0ADA8645EF7D}"
EndProject
Global
	GlobalSection(SolutionConfigurationPlatforms) = preSolution
		Debug|Any CPU = Debug|Any CPU
		Release|Any CPU = Release|Any CPU
	EndGlobalSection
	GlobalSection(ProjectConfigurationPlatforms) = postSolution
		{994A6A30-31DE-491C-AC86-0ADA8645EF7D}.Debug|Any CPU.ActiveCfg = Debug|Any CPU
		{994A6A30-31DE-491C-AC86-0ADA8645EF7D}.Debug|Any CPU.Build.0 = Debug|Any CPU
		{994A6A30-31DE-491C-AC86-0ADA8645EF7D}.Release|Any CPU.ActiveCfg = Release|Any CPU
		{994A6A30-31DE-491C-AC86-0ADA8645EF7D}.Release|Any CPU.Build.0 = Release|Any CPU
	EndGlobalSection
	GlobalSection(SolutionProperties) = preSolution
		HideSolutionNode = FALSE
	EndGlobalSection
	GlobalSection(ExtensibilityGlobals) = postSolution
		SolutionGuid = {EEFC38B0-7EEF-4602-9382-2AA4AFE9E811}
	EndGlobalSection
EndGlobal
